
Microsoft Visual Studio Solution File, Format Version 12.00
Project("{2150E333-8FDC-42A3-9474-1A3956D46DE8}") = "Src", "Src", "{128685F1-CC0B-4E98-A3CD-6230FFB19B39}"
EndProject
Project("{2150E333-8FDC-42A3-9474-1A3956D46DE8}") = "Test", "Test", "{0C6C63CA-B6A4-4D84-A26E-A54BE3DABB9A}"
EndProject
Project("{FAE04EC0-301F-11D3-BF4B-00C04F79EFBC}") = "Presentation", "Presentation\Presentation.csproj", "{C24908A3-5E4C-4D78-9C3B-6DCD9212CD68}"
EndProject
Project("{FAE04EC0-301F-11D3-BF4B-00C04F79EFBC}") = "UnitTest", "UnitTest\UnitTest.csproj", "{0F831099-5078-4777-9E75-BAADA1D57369}"
EndProject
Global
	GlobalSection(SolutionConfigurationPlatforms) = preSolution
		Debug|Any CPU = Debug|Any CPU
		Release|Any CPU = Release|Any CPU
	EndGlobalSection
	GlobalSection(NestedProjects) = preSolution
		{C24908A3-5E4C-4D78-9C3B-6DCD9212CD68} = {128685F1-CC0B-4E98-A3CD-6230FFB19B39}
		{0F831099-5078-4777-9E75-BAADA1D57369} = {0C6C63CA-B6A4-4D84-A26E-A54BE3DABB9A}
	EndGlobalSection
	GlobalSection(ProjectConfigurationPlatforms) = postSolution
		{C24908A3-5E4C-4D78-9C3B-6DCD9212CD68}.Debug|Any CPU.ActiveCfg = Debug|Any CPU
		{C24908A3-5E4C-4D78-9C3B-6DCD9212CD68}.Debug|Any CPU.Build.0 = Debug|Any CPU
		{C24908A3-5E4C-4D78-9C3B-6DCD9212CD68}.Release|Any CPU.ActiveCfg = Release|Any CPU
		{C24908A3-5E4C-4D78-9C3B-6DCD9212CD68}.Release|Any CPU.Build.0 = Release|Any CPU
		{0F831099-5078-4777-9E75-BAADA1D57369}.Debug|Any CPU.ActiveCfg = Debug|Any CPU
		{0F831099-5078-4777-9E75-BAADA1D57369}.Debug|Any CPU.Build.0 = Debug|Any CPU
		{0F831099-5078-4777-9E75-BAADA1D57369}.Release|Any CPU.ActiveCfg = Release|Any CPU
		{0F831099-5078-4777-9E75-BAADA1D57369}.Release|Any CPU.Build.0 = Release|Any CPU
	EndGlobalSection
EndGlobal
